// !$*UTF8*$!
{
	archiveVersion = 1;
	classes = {
	};
	objectVersion = 56;
	objects = {

/* Begin PBXBuildFile section */
		9E38391929AC72D700E1C66E /* DateViewController.swift in Sources */ = {isa = PBXBuildFile; fileRef = 9E38391829AC72D700E1C66E /* DateViewController.swift */; };
		9E38391B29AC73DB00E1C66E /* File.png in Resources */ = {isa = PBXBuildFile; fileRef = 9E38391A29AC73DB00E1C66E /* File.png */; };
		9E38392629AC769600E1C66E /* 2.jpg in Resources */ = {isa = PBXBuildFile; fileRef = 9E38391C29AC769600E1C66E /* 2.jpg */; };
		9E38392729AC769600E1C66E /* 5.jpg in Resources */ = {isa = PBXBuildFile; fileRef = 9E38391D29AC769600E1C66E /* 5.jpg */; };
		9E38392829AC769600E1C66E /* 6.jpg in Resources */ = {isa = PBXBuildFile; fileRef = 9E38391E29AC769600E1C66E /* 6.jpg */; };
		9E38392929AC769600E1C66E /* 8.jpg in Resources */ = {isa = PBXBuildFile; fileRef = 9E38391F29AC769600E1C66E /* 8.jpg */; };
		9E38392A29AC769600E1C66E /* 1.jpg in Resources */ = {isa = PBXBuildFile; fileRef = 9E38392029AC769600E1C66E /* 1.jpg */; };
		9E38392B29AC769600E1C66E /* 4.jpg in Resources */ = {isa = PBXBuildFile; fileRef = 9E38392129AC769600E1C66E /* 4.jpg */; };
		9E38392C29AC769600E1C66E /* 7.jpg in Resources */ = {isa = PBXBuildFile; fileRef = 9E38392229AC769600E1C66E /* 7.jpg */; };
		9E38392D29AC769600E1C66E /* 9.jpg in Resources */ = {isa = PBXBuildFile; fileRef = 9E38392329AC769600E1C66E /* 9.jpg */; };
		9E38392E29AC769600E1C66E /* 10.jpg in Resources */ = {isa = PBXBuildFile; fileRef = 9E38392429AC769600E1C66E /* 10.jpg */; };
		9E38392F29AC769600E1C66E /* 3.jpg in Resources */ = {isa = PBXBuildFile; fileRef = 9E38392529AC769600E1C66E /* 3.jpg */; };
		9E38393229AC76AC00E1C66E /* PickerViewController.swift in Sources */ = {isa = PBXBuildFile; fileRef = 9E38393129AC76AC00E1C66E /* PickerViewController.swift */; };
		9E96125629AC6FD400B6FCB7 /* AppDelegate.swift in Sources */ = {isa = PBXBuildFile; fileRef = 9E96125529AC6FD400B6FCB7 /* AppDelegate.swift */; };
		9E96125829AC6FD400B6FCB7 /* SceneDelegate.swift in Sources */ = {isa = PBXBuildFile; fileRef = 9E96125729AC6FD400B6FCB7 /* SceneDelegate.swift */; };
		9E96125A29AC6FD400B6FCB7 /* ViewController.swift in Sources */ = {isa = PBXBuildFile; fileRef = 9E96125929AC6FD400B6FCB7 /* ViewController.swift */; };
		9E96125D29AC6FD400B6FCB7 /* Main.storyboard in Resources */ = {isa = PBXBuildFile; fileRef = 9E96125B29AC6FD400B6FCB7 /* Main.storyboard */; };
		9E96125F29AC6FD500B6FCB7 /* Assets.xcassets in Resources */ = {isa = PBXBuildFile; fileRef = 9E96125E29AC6FD500B6FCB7 /* Assets.xcassets */; };
		9E96126229AC6FD500B6FCB7 /* LaunchScreen.storyboard in Resources */ = {isa = PBXBuildFile; fileRef = 9E96126029AC6FD500B6FCB7 /* LaunchScreen.storyboard */; };
		9E96126B29AC70F500B6FCB7 /* lamp_off.png in Resources */ = {isa = PBXBuildFile; fileRef = 9E96126929AC70F500B6FCB7 /* lamp_off.png */; };
		9E96126C29AC70F500B6FCB7 /* lamp_on.png in Resources */ = {isa = PBXBuildFile; fileRef = 9E96126A29AC70F500B6FCB7 /* lamp_on.png */; };
		9E96126E29AC712700B6FCB7 /* ImageViewController.swift in Sources */ = {isa = PBXBuildFile; fileRef = 9E96126D29AC712700B6FCB7 /* ImageViewController.swift */; };
/* End PBXBuildFile section */

/* Begin PBXFileReference section */
		9E38391829AC72D700E1C66E /* DateViewController.swift */ = {isa = PBXFileReference; fileEncoding = 4; lastKnownFileType = sourcecode.swift; path = DateViewController.swift; sourceTree = "<group>"; };
		9E38391A29AC73DB00E1C66E /* File.png */ = {isa = PBXFileReference; lastKnownFileType = image.png; path = File.png; sourceTree = "<group>"; };
		9E38391C29AC769600E1C66E /* 2.jpg */ = {isa = PBXFileReference; lastKnownFileType = image.jpeg; path = 2.jpg; sourceTree = "<group>"; };
		9E38391D29AC769600E1C66E /* 5.jpg */ = {isa = PBXFileReference; lastKnownFileType = image.jpeg; path = 5.jpg; sourceTree = "<group>"; };
		9E38391E29AC769600E1C66E /* 6.jpg */ = {isa = PBXFileReference; lastKnownFileType = image.jpeg; path = 6.jpg; sourceTree = "<group>"; };
		9E38391F29AC769600E1C66E /* 8.jpg */ = {isa = PBXFileReference; lastKnownFileType = image.jpeg; path = 8.jpg; sourceTree = "<group>"; };
		9E38392029AC769600E1C66E /* 1.jpg */ = {isa = PBXFileReference; lastKnownFileType = image.jpeg; path = 1.jpg; sourceTree = "<group>"; };
		9E38392129AC769600E1C66E /* 4.jpg */ = {isa = PBXFileReference; lastKnownFileType = image.jpeg; path = 4.jpg; sourceTree = "<group>"; };
		9E38392229AC769600E1C66E /* 7.jpg */ = {isa = PBXFileReference; lastKnownFileType = image.jpeg; path = 7.jpg; sourceTree = "<group>"; };
		9E38392329AC769600E1C66E /* 9.jpg */ = {isa = PBXFileReference; lastKnownFileType = image.jpeg; path = 9.jpg; sourceTree = "<group>"; };
		9E38392429AC769600E1C66E /* 10.jpg */ = {isa = PBXFileReference; lastKnownFileType = image.jpeg; path = 10.jpg; sourceTree = "<group>"; };
		9E38392529AC769600E1C66E /* 3.jpg */ = {isa = PBXFileReference; lastKnownFileType = image.jpeg; path = 3.jpg; sourceTree = "<group>"; };
		9E38393129AC76AC00E1C66E /* PickerViewController.swift */ = {isa = PBXFileReference; fileEncoding = 4; lastKnownFileType = sourcecode.swift; name = PickerViewController.swift; path = "../../../../학사/스터디/doit-develop-an-iphone-app-with-swift/10장/참고파일/PickerView/PickerView/PickerViewController.swift"; sourceTree = "<group>"; };
		9E96125229AC6FD400B6FCB7 /* Tab.app */ = {isa = PBXFileReference; explicitFileType = wrapper.application; includeInIndex = 0; path = Tab.app; sourceTree = BUILT_PRODUCTS_DIR; };
		9E96125529AC6FD400B6FCB7 /* AppDelegate.swift */ = {isa = PBXFileReference; lastKnownFileType = sourcecode.swift; path = AppDelegate.swift; sourceTree = "<group>"; };
		9E96125729AC6FD400B6FCB7 /* SceneDelegate.swift */ = {isa = PBXFileReference; lastKnownFileType = sourcecode.swift; path = SceneDelegate.swift; sourceTree = "<group>"; };
		9E96125929AC6FD400B6FCB7 /* ViewController.swift */ = {isa = PBXFileReference; lastKnownFileType = sourcecode.swift; path = ViewController.swift; sourceTree = "<group>"; };
		9E96125C29AC6FD400B6FCB7 /* Base */ = {isa = PBXFileReference; lastKnownFileType = file.storyboard; name = Base; path = Base.lproj/Main.storyboard; sourceTree = "<group>"; };
		9E96125E29AC6FD500B6FCB7 /* Assets.xcassets */ = {isa = PBXFileReference; lastKnownFileType = folder.assetcatalog; path = Assets.xcassets; sourceTree = "<group>"; };
		9E96126129AC6FD500B6FCB7 /* Base */ = {isa = PBXFileReference; lastKnownFileType = file.storyboard; name = Base; path = Base.lproj/LaunchScreen.storyboard; sourceTree = "<group>"; };
		9E96126329AC6FD500B6FCB7 /* Info.plist */ = {isa = PBXFileReference; lastKnownFileType = text.plist.xml; path = Info.plist; sourceTree = "<group>"; };
		9E96126929AC70F500B6FCB7 /* lamp_off.png */ = {isa = PBXFileReference; lastKnownFileType = image.png; path = lamp_off.png; sourceTree = "<group>"; };
		9E96126A29AC70F500B6FCB7 /* lamp_on.png */ = {isa = PBXFileReference; lastKnownFileType = image.png; path = lamp_on.png; sourceTree = "<group>"; };
		9E96126D29AC712700B6FCB7 /* ImageViewController.swift */ = {isa = PBXFileReference; fileEncoding = 4; lastKnownFileType = sourcecode.swift; path = ImageViewController.swift; sourceTree = "<group>"; };
/* End PBXFileReference section */

/* Begin PBXFrameworksBuildPhase section */
		9E96124F29AC6FD400B6FCB7 /* Frameworks */ = {
			isa = PBXFrameworksBuildPhase;
			buildActionMask = 2147483647;
			files = (
			);
			runOnlyForDeploymentPostprocessing = 0;
		};
/* End PBXFrameworksBuildPhase section */

/* Begin PBXGroup section */
		9E38393029AC769A00E1C66E /* images */ = {
			isa = PBXGroup;
			children = (
				9E38392029AC769600E1C66E /* 1.jpg */,
				9E38391C29AC769600E1C66E /* 2.jpg */,
				9E38392529AC769600E1C66E /* 3.jpg */,
				9E38392129AC769600E1C66E /* 4.jpg */,
				9E38391D29AC769600E1C66E /* 5.jpg */,
				9E38391E29AC769600E1C66E /* 6.jpg */,
				9E38392229AC769600E1C66E /* 7.jpg */,
				9E38391F29AC769600E1C66E /* 8.jpg */,
				9E38392329AC769600E1C66E /* 9.jpg */,
				9E38392429AC769600E1C66E /* 10.jpg */,
				9E96126929AC70F500B6FCB7 /* lamp_off.png */,
				9E96126A29AC70F500B6FCB7 /* lamp_on.png */,
				9E38391A29AC73DB00E1C66E /* File.png */,
			);
			path = images;
			sourceTree = "<group>";
		};
		9E96124929AC6FD400B6FCB7 = {
			isa = PBXGroup;
			children = (
				9E96125429AC6FD400B6FCB7 /* Tab */,
				9E96125329AC6FD400B6FCB7 /* Products */,
			);
			sourceTree = "<group>";
		};
		9E96125329AC6FD400B6FCB7 /* Products */ = {
			isa = PBXGroup;
			children = (
				9E96125229AC6FD400B6FCB7 /* Tab.app */,
			);
			name = Products;
			sourceTree = "<group>";
		};
		9E96125429AC6FD400B6FCB7 /* Tab */ = {
			isa = PBXGroup;
			children = (
				9E38393029AC769A00E1C66E /* images */,
				9E96125529AC6FD400B6FCB7 /* AppDelegate.swift */,
				9E96125729AC6FD400B6FCB7 /* SceneDelegate.swift */,
				9E96125929AC6FD400B6FCB7 /* ViewController.swift */,
				9E96126D29AC712700B6FCB7 /* ImageViewController.swift */,
				9E38391829AC72D700E1C66E /* DateViewController.swift */,
				9E38393129AC76AC00E1C66E /* PickerViewController.swift */,
				9E96125B29AC6FD400B6FCB7 /* Main.storyboard */,
				9E96125E29AC6FD500B6FCB7 /* Assets.xcassets */,
				9E96126029AC6FD500B6FCB7 /* LaunchScreen.storyboard */,
				9E96126329AC6FD500B6FCB7 /* Info.plist */,
			);
			path = Tab;
			sourceTree = "<group>";
		};
/* End PBXGroup section */

/* Begin PBXNativeTarget section */
		9E96125129AC6FD400B6FCB7 /* Tab */ = {
			isa = PBXNativeTarget;
			buildConfigurationList = 9E96126629AC6FD500B6FCB7 /* Build configuration list for PBXNativeTarget "Tab" */;
			buildPhases = (
				9E96124E29AC6FD400B6FCB7 /* Sources */,
				9E96124F29AC6FD400B6FCB7 /* Frameworks */,
				9E96125029AC6FD400B6FCB7 /* Resources */,
			);
			buildRules = (
			);
			dependencies = (
			);
			name = Tab;
			productName = Tab;
			productReference = 9E96125229AC6FD400B6FCB7 /* Tab.app */;
			productType = "com.apple.product-type.application";
		};
/* End PBXNativeTarget section */

/* Begin PBXProject section */
		9E96124A29AC6FD400B6FCB7 /* Project object */ = {
			isa = PBXProject;
			attributes = {
				BuildIndependentTargetsInParallel = 1;
				LastSwiftUpdateCheck = 1420;
				LastUpgradeCheck = 1420;
				TargetAttributes = {
					9E96125129AC6FD400B6FCB7 = {
						CreatedOnToolsVersion = 14.2;
					};
				};
			};
			buildConfigurationList = 9E96124D29AC6FD400B6FCB7 /* Build configuration list for PBXProject "Tab" */;
			compatibilityVersion = "Xcode 14.0";
			developmentRegion = en;
			hasScannedForEncodings = 0;
			knownRegions = (
				en,
				Base,
			);
			mainGroup = 9E96124929AC6FD400B6FCB7;
			productRefGroup = 9E96125329AC6FD400B6FCB7 /* Products */;
			projectDirPath = "";
			projectRoot = "";
			targets = (
				9E96125129AC6FD400B6FCB7 /* Tab */,
			);
		};
/* End PBXProject section */

/* Begin PBXResourcesBuildPhase section */
		9E96125029AC6FD400B6FCB7 /* Resources */ = {
			isa = PBXResourcesBuildPhase;
			buildActionMask = 2147483647;
			files = (
				9E38392B29AC769600E1C66E /* 4.jpg in Resources */,
				9E38392A29AC769600E1C66E /* 1.jpg in Resources */,
				9E38392929AC769600E1C66E /* 8.jpg in Resources */,
				9E38392829AC769600E1C66E /* 6.jpg in Resources */,
				9E96126229AC6FD500B6FCB7 /* LaunchScreen.storyboard in Resources */,
				9E38392729AC769600E1C66E /* 5.jpg in Resources */,
				9E96125F29AC6FD500B6FCB7 /* Assets.xcassets in Resources */,
				9E38392F29AC769600E1C66E /* 3.jpg in Resources */,
				9E38392629AC769600E1C66E /* 2.jpg in Resources */,
				9E96126C29AC70F500B6FCB7 /* lamp_on.png in Resources */,
				9E38392D29AC769600E1C66E /* 9.jpg in Resources */,
				9E38392E29AC769600E1C66E /* 10.jpg in Resources */,
				9E38391B29AC73DB00E1C66E /* File.png in Resources */,
				9E38392C29AC769600E1C66E /* 7.jpg in Resources */,
				9E96125D29AC6FD400B6FCB7 /* Main.storyboard in Resources */,
				9E96126B29AC70F500B6FCB7 /* lamp_off.png in Resources */,
			);
			runOnlyForDeploymentPostprocessing = 0;
		};
/* End PBXResourcesBuildPhase section */

/* Begin PBXSourcesBuildPhase section */
		9E96124E29AC6FD400B6FCB7 /* Sources */ = {
			isa = PBXSourcesBuildPhase;
			buildActionMask = 2147483647;
			files = (
				9E38393229AC76AC00E1C66E /* PickerViewController.swift in Sources */,
				9E38391929AC72D700E1C66E /* DateViewController.swift in Sources */,
				9E96125A29AC6FD400B6FCB7 /* ViewController.swift in Sources */,
				9E96125629AC6FD400B6FCB7 /* AppDelegate.swift in Sources */,
				9E96126E29AC712700B6FCB7 /* ImageViewController.swift in Sources */,
				9E96125829AC6FD400B6FCB7 /* SceneDelegate.swift in Sources */,
			);
			runOnlyForDeploymentPostprocessing = 0;
		};
/* End PBXSourcesBuildPhase section */

/* Begin PBXVariantGroup section */
		9E96125B29AC6FD400B6FCB7 /* Main.storyboard */ = {
			isa = PBXVariantGroup;
			children = (
				9E96125C29AC6FD400B6FCB7 /* Base */,
			);
			name = Main.storyboard;
			sourceTree = "<group>";
		};
		9E96126029AC6FD500B6FCB7 /* LaunchScreen.storyboard */ = {
			isa = PBXVariantGroup;
			children = (
				9E96126129AC6FD500B6FCB7 /* Base */,
			);
			name = LaunchScreen.storyboard;
			sourceTree = "<group>";
		};
/* End PBXVariantGroup section */

/* Begin XCBuildConfiguration section */
		9E96126429AC6FD500B6FCB7 /* Debug */ = {
			isa = XCBuildConfiguration;
			buildSettings = {
				ALWAYS_SEARCH_USER_PATHS = NO;
				CLANG_ANALYZER_NONNULL = YES;
				CLANG_ANALYZER_NUMBER_OBJECT_CONVERSION = YES_AGGRESSIVE;
				CLANG_CXX_LANGUAGE_STANDARD = "gnu++20";
				CLANG_ENABLE_MODULES = YES;
				CLANG_ENABLE_OBJC_ARC = YES;
				CLANG_ENABLE_OBJC_WEAK = YES;
				CLANG_WARN_BLOCK_CAPTURE_AUTORELEASING = YES;
				CLANG_WARN_BOOL_CONVERSION = YES;
				CLANG_WARN_COMMA = YES;
				CLANG_WARN_CONSTANT_CONVERSION = YES;
				CLANG_WARN_DEPRECATED_OBJC_IMPLEMENTATIONS = YES;
				CLANG_WARN_DIRECT_OBJC_ISA_USAGE = YES_ERROR;
				CLANG_WARN_DOCUMENTATION_COMMENTS = YES;
				CLANG_WARN_EMPTY_BODY = YES;
				CLANG_WARN_ENUM_CONVERSION = YES;
				CLANG_WARN_INFINITE_RECURSION = YES;
				CLANG_WARN_INT_CONVERSION = YES;
				CLANG_WARN_NON_LITERAL_NULL_CONVERSION = YES;
				CLANG_WARN_OBJC_IMPLICIT_RETAIN_SELF = YES;
				CLANG_WARN_OBJC_LITERAL_CONVERSION = YES;
				CLANG_WARN_OBJC_ROOT_CLASS = YES_ERROR;
				CLANG_WARN_QUOTED_INCLUDE_IN_FRAMEWORK_HEADER = YES;
				CLANG_WARN_RANGE_LOOP_ANALYSIS = YES;
				CLANG_WARN_STRICT_PROTOTYPES = YES;
				CLANG_WARN_SUSPICIOUS_MOVE = YES;
				CLANG_WARN_UNGUARDED_AVAILABILITY = YES_AGGRESSIVE;
				CLANG_WARN_UNREACHABLE_CODE = YES;
				CLANG_WARN__DUPLICATE_METHOD_MATCH = YES;
				COPY_PHASE_STRIP = NO;
				DEBUG_INFORMATION_FORMAT = dwarf;
				ENABLE_STRICT_OBJC_MSGSEND = YES;
				ENABLE_TESTABILITY = YES;
				GCC_C_LANGUAGE_STANDARD = gnu11;
				GCC_DYNAMIC_NO_PIC = NO;
				GCC_NO_COMMON_BLOCKS = YES;
				GCC_OPTIMIZATION_LEVEL = 0;
				GCC_PREPROCESSOR_DEFINITIONS = (
					"DEBUG=1",
					"$(inherited)",
				);
				GCC_WARN_64_TO_32_BIT_CONVERSION = YES;
				GCC_WARN_ABOUT_RETURN_TYPE = YES_ERROR;
				GCC_WARN_UNDECLARED_SELECTOR = YES;
				GCC_WARN_UNINITIALIZED_AUTOS = YES_AGGRESSIVE;
				GCC_WARN_UNUSED_FUNCTION = YES;
				GCC_WARN_UNUSED_VARIABLE = YES;
				IPHONEOS_DEPLOYMENT_TARGET = 16.2;
				MTL_ENABLE_DEBUG_INFO = INCLUDE_SOURCE;
				MTL_FAST_MATH = YES;
				ONLY_ACTIVE_ARCH = YES;
				SDKROOT = iphoneos;
				SWIFT_ACTIVE_COMPILATION_CONDITIONS = DEBUG;
				SWIFT_OPTIMIZATION_LEVEL = "-Onone";
			};
			name = Debug;
		};
		9E96126529AC6FD500B6FCB7 /* Release */ = {
			isa = XCBuildConfiguration;
			buildSettings = {
				ALWAYS_SEARCH_USER_PATHS = NO;
				CLANG_ANALYZER_NONNULL = YES;
				CLANG_ANALYZER_NUMBER_OBJECT_CONVERSION = YES_AGGRESSIVE;
				CLANG_CXX_LANGUAGE_STANDARD = "gnu++20";
				CLANG_ENABLE_MODULES = YES;
				CLANG_ENABLE_OBJC_ARC = YES;
				CLANG_ENABLE_OBJC_WEAK = YES;
				CLANG_WARN_BLOCK_CAPTURE_AUTORELEASING = YES;
				CLANG_WARN_BOOL_CONVERSION = YES;
				CLANG_WARN_COMMA = YES;
				CLANG_WARN_CONSTANT_CONVERSION = YES;
				CLANG_WARN_DEPRECATED_OBJC_IMPLEMENTATIONS = YES;
				CLANG_WARN_DIRECT_OBJC_ISA_USAGE = YES_ERROR;
				CLANG_WARN_DOCUMENTATION_COMMENTS = YES;
				CLANG_WARN_EMPTY_BODY = YES;
				CLANG_WARN_ENUM_CONVERSION = YES;
				CLANG_WARN_INFINITE_RECURSION = YES;
				CLANG_WARN_INT_CONVERSION = YES;
				CLANG_WARN_NON_LITERAL_NULL_CONVERSION = YES;
				CLANG_WARN_OBJC_IMPLICIT_RETAIN_SELF = YES;
				CLANG_WARN_OBJC_LITERAL_CONVERSION = YES;
				CLANG_WARN_OBJC_ROOT_CLASS = YES_ERROR;
				CLANG_WARN_QUOTED_INCLUDE_IN_FRAMEWORK_HEADER = YES;
				CLANG_WARN_RANGE_LOOP_ANALYSIS = YES;
				CLANG_WARN_STRICT_PROTOTYPES = YES;
				CLANG_WARN_SUSPICIOUS_MOVE = YES;
				CLANG_WARN_UNGUARDED_AVAILABILITY = YES_AGGRESSIVE;
				CLANG_WARN_UNREACHABLE_CODE = YES;
				CLANG_WARN__DUPLICATE_METHOD_MATCH = YES;
				COPY_PHASE_STRIP = NO;
				DEBUG_INFORMATION_FORMAT = "dwarf-with-dsym";
				ENABLE_NS_ASSERTIONS = NO;
				ENABLE_STRICT_OBJC_MSGSEND = YES;
				GCC_C_LANGUAGE_STANDARD = gnu11;
				GCC_NO_COMMON_BLOCKS = YES;
				GCC_WARN_64_TO_32_BIT_CONVERSION = YES;
				GCC_WARN_ABOUT_RETURN_TYPE = YES_ERROR;
				GCC_WARN_UNDECLARED_SELECTOR = YES;
				GCC_WARN_UNINITIALIZED_AUTOS = YES_AGGRESSIVE;
				GCC_WARN_UNUSED_FUNCTION = YES;
				GCC_WARN_UNUSED_VARIABLE = YES;
				IPHONEOS_DEPLOYMENT_TARGET = 16.2;
				MTL_ENABLE_DEBUG_INFO = NO;
				MTL_FAST_MATH = YES;
				SDKROOT = iphoneos;
				SWIFT_COMPILATION_MODE = wholemodule;
				SWIFT_OPTIMIZATION_LEVEL = "-O";
				VALIDATE_PRODUCT = YES;
			};
			name = Release;
		};
		9E96126729AC6FD500B6FCB7 /* Debug */ = {
			isa = XCBuildConfiguration;
			buildSettings = {
				ASSETCATALOG_COMPILER_APPICON_NAME = AppIcon;
				ASSETCATALOG_COMPILER_GLOBAL_ACCENT_COLOR_NAME = AccentColor;
				CODE_SIGN_STYLE = Automatic;
				CURRENT_PROJECT_VERSION = 1;
				GENERATE_INFOPLIST_FILE = YES;
				INFOPLIST_FILE = Tab/Info.plist;
				INFOPLIST_KEY_UIApplicationSupportsIndirectInputEvents = YES;
				INFOPLIST_KEY_UILaunchStoryboardName = LaunchScreen;
				INFOPLIST_KEY_UIMainStoryboardFile = Main;
				INFOPLIST_KEY_UISupportedInterfaceOrientations_iPad = "UIInterfaceOrientationPortrait UIInterfaceOrientationPortraitUpsideDown UIInterfaceOrientationLandscapeLeft UIInterfaceOrientationLandscapeRight";
				INFOPLIST_KEY_UISupportedInterfaceOrientations_iPhone = "UIInterfaceOrientationPortrait UIInterfaceOrientationLandscapeLeft UIInterfaceOrientationLandscapeRight";
				LD_RUNPATH_SEARCH_PATHS = (
					"$(inherited)",
					"@executable_path/Frameworks",
				);
				MARKETING_VERSION = 1.0;
				PRODUCT_BUNDLE_IDENTIFIER = "com.Zizi-Kim.Tab";
				PRODUCT_NAME = "$(TARGET_NAME)";
				SWIFT_EMIT_LOC_STRINGS = YES;
				SWIFT_VERSION = 5.0;
				TARGETED_DEVICE_FAMILY = "1,2";
			};
			name = Debug;
		};
		9E96126829AC6FD500B6FCB7 /* Release */ = {
			isa = XCBuildConfiguration;
			buildSettings = {
				ASSETCATALOG_COMPILER_APPICON_NAME = AppIcon;
				ASSETCATALOG_COMPILER_GLOBAL_ACCENT_COLOR_NAME = AccentColor;
				CODE_SIGN_STYLE = Automatic;
				CURRENT_PROJECT_VERSION = 1;
				GENERATE_INFOPLIST_FILE = YES;
				INFOPLIST_FILE = Tab/Info.plist;
				INFOPLIST_KEY_UIApplicationSupportsIndirectInputEvents = YES;
				INFOPLIST_KEY_UILaunchStoryboardName = LaunchScreen;
				INFOPLIST_KEY_UIMainStoryboardFile = Main;
				INFOPLIST_KEY_UISupportedInterfaceOrientations_iPad = "UIInterfaceOrientationPortrait UIInterfaceOrientationPortraitUpsideDown UIInterfaceOrientationLandscapeLeft UIInterfaceOrientationLandscapeRight";
				INFOPLIST_KEY_UISupportedInterfaceOrientations_iPhone = "UIInterfaceOrientationPortrait UIInterfaceOrientationLandscapeLeft UIInterfaceOrientationLandscapeRight";
				LD_RUNPATH_SEARCH_PATHS = (
					"$(inherited)",
					"@executable_path/Frameworks",
				);
				MARKETING_VERSION = 1.0;
				PRODUCT_BUNDLE_IDENTIFIER = "com.Zizi-Kim.Tab";
				PRODUCT_NAME = "$(TARGET_NAME)";
				SWIFT_EMIT_LOC_STRINGS = YES;
				SWIFT_VERSION = 5.0;
				TARGETED_DEVICE_FAMILY = "1,2";
			};
			name = Release;
		};
/* End XCBuildConfiguration section */

/* Begin XCConfigurationList section */
		9E96124D29AC6FD400B6FCB7 /* Build configuration list for PBXProject "Tab" */ = {
			isa = XCConfigurationList;
			buildConfigurations = (
				9E96126429AC6FD500B6FCB7 /* Debug */,
				9E96126529AC6FD500B6FCB7 /* Release */,
			);
			defaultConfigurationIsVisible = 0;
			defaultConfigurationName = Release;
		};
		9E96126629AC6FD500B6FCB7 /* Build configuration list for PBXNativeTarget "Tab" */ = {
			isa = XCConfigurationList;
			buildConfigurations = (
				9E96126729AC6FD500B6FCB7 /* Debug */,
				9E96126829AC6FD500B6FCB7 /* Release */,
			);
			defaultConfigurationIsVisible = 0;
			defaultConfigurationName = Release;
		};
/* End XCConfigurationList section */
	};
	rootObject = 9E96124A29AC6FD400B6FCB7 /* Project object */;
}
